# THIS IS AN AUTOGENERATED FILE. DO NOT EDIT THIS FILE DIRECTLY.
# yarn lockfile v1


ap@~0.1.0:
  version "0.1.0"
  resolved "https://registry.yarnpkg.com/ap/-/ap-0.1.0.tgz#d8a3f26615379398a1b53ca6cc1a666a0fbfe150"
  integrity sha1-2KPyZhU3k5ihtTymzBpmag+/4VA=

argparse@^1.0.7:
  version "1.0.10"
  resolved "https://registry.yarnpkg.com/argparse/-/argparse-1.0.10.tgz#bcd6791ea5ae09725e17e5ad988134cd40b3d911"
  integrity sha512-o5Roy6tNG4SL/FOkCAN6RzjiakZS25RLYFrcMttJqbdd8BWrnA+fGz57iN5Pb06pvBGvl5gQ0B48dJlslXvoTg==
  dependencies:
    sprintf-js "~1.0.2"

balanced-match@^1.0.0:
  version "1.0.0"
  resolved "https://registry.yarnpkg.com/balanced-match/-/balanced-match-1.0.0.tgz#89b4d199ab2bee49de164ea02b89ce462d71b767"
  integrity sha1-ibTRmasr7kneFk6gK4nORi1xt2c=

body@~0.1.0:
  version "0.1.0"
  resolved "https://registry.yarnpkg.com/body/-/body-0.1.0.tgz#e714fe28cd8848aa34cdf2c9f242bbe2e15d1cd8"
  integrity sha1-5xT+KM2ISKo0zfLJ8kK74uFdHNg=
  dependencies:
    content-types "~0.1.0"

brace-expansion@^1.1.7:
  version "1.1.11"
  resolved "https://registry.yarnpkg.com/brace-expansion/-/brace-expansion-1.1.11.tgz#3c7fcbf529d87226f3d2f52b966ff5271eb441dd"
  integrity sha512-iCuPHDFgrHX7H2vEI/5xpz07zSHB00TpugqhmYtVmMO6518mCuRMoOYFldEBl0g187ufozdaHgWKcYFb61qGiA==
  dependencies:
    balanced-match "^1.0.0"
    concat-map "0.0.1"

camelize@^1.0.0:
  version "1.0.0"
  resolved "https://registry.yarnpkg.com/camelize/-/camelize-1.0.0.tgz#164a5483e630fa4321e5af07020e531831b2609b"
  integrity sha1-FkpUg+Yw+kMh5a8HAg5TGDGyYJs=

cck@^1.0.11:
  version "1.0.16"
  resolved "https://registry.yarnpkg.com/cck/-/cck-1.0.16.tgz#3cc96c052eafb9c59265892861827262202a8a25"
  integrity sha512-vTR9sLnORSj/vSJHpGxBowMv8Hp4rOaDfITnyVuGF0ilNcow5vhjA/O9sCVdczTxAx6sZJ2dEEkdnSFohfJlNw==

codecampkit@^2.4.3:
  version "2.5.3"
  resolved "https://registry.yarnpkg.com/codecampkit/-/codecampkit-2.5.3.tgz#5d609a28c1f5264c5928286c715332164a23920f"
  integrity sha512-jx8p47M9OqOJNdDBMhtjnQ3C7r22xvZtOC6oR0FpfrwpbSgudPf8C6dH7vvC09GlZhcRa9p9rurjmvoQNquVng==
  dependencies:
    domify "^1.4.0"
    ecstatic "^1.4.1"
    ejs "^2.5.1"
    filed "^0.1.0"
    http-hash-router "^1.1.0"
    marked "^0.3.6"
    minimist "^1.2.0"
    morphdom "^2.2.0"
    page "^1.7.1"
    ramda "^0.22.1"
    send-data "^8.0.0"
    server-summary "^6.0.1"
    xhr "^2.2.2"

concat-map@0.0.1:
  version "0.0.1"
  resolved "https://registry.yarnpkg.com/concat-map/-/concat-map-0.0.1.tgz#d8a96bd77fd68df7793a73036a3ba0d5405d477b"
  integrity sha1-2Klr13/Wjfd5OnMDajug1UBdR3s=

content-types@~0.1.0:
  version "0.1.0"
  resolved "https://registry.yarnpkg.com/content-types/-/content-types-0.1.0.tgz#0e790b3abfef90f6ecb77ae8585db9099caf7578"
  integrity sha1-DnkLOr/vkPbst3roWF25CZyvdXg=
  dependencies:
    iterators "~0.1.0"

debug@2.6.9:
  version "2.6.9"
  resolved "https://registry.yarnpkg.com/debug/-/debug-2.6.9.tgz#5d128515df134ff327e90a4c93f4e077a536341f"
  integrity sha512-bC7ElrdJaJnPbAP+1EotYvqZsb3ecl5wi6Bfi6BJTUcNowp6cvspg0jXznRTKDjm/E7AdgFBVeAPVMNcKGsHMA==
  dependencies:
    ms "2.0.0"

depd@~1.1.2:
  version "1.1.2"
  resolved "https://registry.yarnpkg.com/depd/-/depd-1.1.2.tgz#9bcd52e14c097763e749b274c4346ed2e560b5a9"
  integrity sha1-m81S4UwJd2PnSbJ0xDRu0uVgtak=

destroy@~1.0.4:
  version "1.0.4"
  resolved "https://registry.yarnpkg.com/destroy/-/destroy-1.0.4.tgz#978857442c44749e4206613e37946205826abd80"
  integrity sha1-l4hXRCxEdJ5CBmE+N5RiBYJqvYA=

dom-walk@^0.1.0:
  version "0.1.1"
  resolved "https://registry.yarnpkg.com/dom-walk/-/dom-walk-0.1.1.tgz#672226dc74c8f799ad35307df936aba11acd6018"
  integrity sha1-ZyIm3HTI95mtNTB9+TaroRrNYBg=

domify@^1.4.0:
  version "1.4.0"
  resolved "https://registry.yarnpkg.com/domify/-/domify-1.4.0.tgz#11483617f764f8695975b4bdc79b14f0803b629b"
  integrity sha1-EUg2F/dk+GlZdbS9x5sU8IA7Yps=

ecstatic@^1.4.1:
  version "1.4.1"
  resolved "https://registry.yarnpkg.com/ecstatic/-/ecstatic-1.4.1.tgz#32cb7b6fa2e290d58668674d115e8f0c3d567d6a"
  integrity sha1-Mst7b6LikNWGaGdNEV6PDD1WfWo=
  dependencies:
    he "^0.5.0"
    mime "^1.2.11"
    minimist "^1.1.0"
    url-join "^1.0.0"

ee-first@1.1.1:
  version "1.1.1"
  resolved "https://registry.yarnpkg.com/ee-first/-/ee-first-1.1.1.tgz#590c61156b0ae2f4f0255732a158b266bc56b21d"
  integrity sha1-WQxhFWsK4vTwJVcyoViyZrxWsh0=

ejs@^2.5.1, ejs@^2.6.1:
  version "2.7.4"
  resolved "https://registry.yarnpkg.com/ejs/-/ejs-2.7.4.tgz#48661287573dcc53e366c7a1ae52c3a120eec9ba"
  integrity sha512-7vmuyh5+kuUyJKePhQfRQBhXV5Ce+RnaeeQArKu1EAMpL3WbgMt5WG6uQZpEVvYSSsxMXRKOewtDk9RaTKXRlA==

encodeurl@~1.0.2:
  version "1.0.2"
  resolved "https://registry.yarnpkg.com/encodeurl/-/encodeurl-1.0.2.tgz#ad3ff4c86ec2d029322f5a02c3a9a606c95b3f59"
  integrity sha1-rT/0yG7C0CkyL1oCw6mmBslbP1k=

error@^5.0.0:
  version "5.2.0"
  resolved "https://registry.yarnpkg.com/error/-/error-5.2.0.tgz#3fb59d16790058466481fae16012e69e432fba42"
  integrity sha1-P7WdFnkAWEZkgfrhYBLmnkMvukI=
  dependencies:
    camelize "^1.0.0"
    is-error "^2.0.0"
    string-template "~0.2.0"
    xtend "~4.0.0"

escape-html@~1.0.3:
  version "1.0.3"
  resolved "https://registry.yarnpkg.com/escape-html/-/escape-html-1.0.3.tgz#0258eae4d3d0c0974de1c169188ef0051d1d1988"
  integrity sha1-Aljq5NPQwJdN4cFpGI7wBR0dGYg=

esprima@^4.0.0:
  version "4.0.1"
  resolved "https://registry.yarnpkg.com/esprima/-/esprima-4.0.1.tgz#13b04cdb3e6c5d19df91ab6987a8695619b0aa71"
  integrity sha512-eGuFFw7Upda+g4p+QHvnW0RyTX/SVeJBDM/gCtMARO0cLuT2HcEKnTPvhjV6aGeqrCB/sbNop0Kszm0jsaWU4A==

etag@~1.8.1:
  version "1.8.1"
  resolved "https://registry.yarnpkg.com/etag/-/etag-1.8.1.tgz#41ae2eeb65efa62268aebfea83ac7d79299b0887"
  integrity sha1-Qa4u62XvpiJorr/qg6x9eSmbCIc=

filed@^0.1.0:
  version "0.1.0"
  resolved "https://registry.yarnpkg.com/filed/-/filed-0.1.0.tgz#b0f626472a2366dc1194537a4eea7e7a89f3c735"
  integrity sha1-sPYmRyojZtwRlFN6Tup+eonzxzU=
  dependencies:
    mime ">= 1.2.6"

fresh@0.5.2:
  version "0.5.2"
  resolved "https://registry.yarnpkg.com/fresh/-/fresh-0.5.2.tgz#3d8cadd90d976569fa835ab1f8e4b23a105605a7"
  integrity sha1-PYyt2Q2XZWn6g1qx+OSyOhBWBac=

front-matter@^3.0.2:
  version "3.1.0"
  resolved "https://registry.yarnpkg.com/front-matter/-/front-matter-3.1.0.tgz#a0b758c3c6c39ce43e107dd0909a57d42964c2de"
  integrity sha512-RFEK8N6waWTdwBZOPNEtvwMjZ/hUfpwXkYUYkmmOhQGdhSulXhWrFwiUhdhkduLDiIwbROl/faF1X/PC/GGRMw==
  dependencies:
    js-yaml "^3.13.1"

fs.realpath@^1.0.0:
  version "1.0.0"
  resolved "https://registry.yarnpkg.com/fs.realpath/-/fs.realpath-1.0.0.tgz#1504ad2523158caa40db4a2787cb01411994ea4f"
  integrity sha1-FQStJSMVjKpA20onh8sBQRmU6k8=

glob@^7.0.0:
  version "7.1.6"
  resolved "https://registry.yarnpkg.com/glob/-/glob-7.1.6.tgz#141f33b81a7c2492e125594307480c46679278a6"
  integrity sha512-LwaxwyZ72Lk7vZINtNNrywX0ZuLyStrdDtabefZKAY5ZGJhVtgdznluResxNmPitE0SAO+O26sWTHeKSI2wMBA==
  dependencies:
    fs.realpath "^1.0.0"
    inflight "^1.0.4"
    inherits "2"
    minimatch "^3.0.4"
    once "^1.3.0"
    path-is-absolute "^1.0.0"

global@~4.3.0:
  version "4.3.2"
  resolved "https://registry.yarnpkg.com/global/-/global-4.3.2.tgz#e76989268a6c74c38908b1305b10fc0e394e9d0f"
  integrity sha1-52mJJopsdMOJCLEwWxD8DjlOnQ8=
  dependencies:
    min-document "^2.19.0"
    process "~0.5.1"

he@^0.5.0:
  version "0.5.0"
  resolved "https://registry.yarnpkg.com/he/-/he-0.5.0.tgz#2c05ffaef90b68e860f3fd2b54ef580989277ee2"
  integrity sha1-LAX/rvkLaOhg8/0rVO9YCYknfuI=

http-errors@~1.6.2:
  version "1.6.3"
  resolved "https://registry.yarnpkg.com/http-errors/-/http-errors-1.6.3.tgz#8b55680bb4be283a0b5bf4ea2e38580be1d9320d"
  integrity sha1-i1VoC7S+KDoLW/TqLjhYC+HZMg0=
  dependencies:
    depd "~1.1.2"
    inherits "2.0.3"
    setprototypeof "1.1.0"
    statuses ">= 1.4.0 < 2"

http-hash-router@^1.1.0:
  version "1.1.2"
  resolved "https://registry.yarnpkg.com/http-hash-router/-/http-hash-router-1.1.2.tgz#3e82e8273e1281828ef901598f63c2c93092b53c"
  integrity sha512-lCinusy21KjKKv61p21GjsmdXAjBCQicScaJB50/pi0TuFmBM+TvLaf7Od9aApQ0A7iEFIgTC71aAHBmS1nmtg==
  dependencies:
    error "^5.0.0"
    http-hash "^1.0.2"
    http-methods "^1.0.0"
    xtend "^4.0.0"

http-hash@^1.0.2:
  version "1.1.1"
  resolved "https://registry.yarnpkg.com/http-hash/-/http-hash-1.1.1.tgz#df20679d1df359052a3c8572bf335230762d428d"
  integrity sha1-3yBnnR3zWQUqPIVyvzNSMHYtQo0=

http-methods@^1.0.0:
  version "1.1.0"
  resolved "https://registry.yarnpkg.com/http-methods/-/http-methods-1.1.0.tgz#de2c5b60e57112f899fc85f1273ef7d56d97bb1a"
  integrity sha1-3ixbYOVxEviZ/IXxJz731W2Xuxo=
  dependencies:
    body "~0.1.0"
    content-types "~0.1.0"

inflight@^1.0.4:
  version "1.0.6"
  resolved "https://registry.yarnpkg.com/inflight/-/inflight-1.0.6.tgz#49bd6331d7d02d0c09bc910a1075ba8165b56df9"
  integrity sha1-Sb1jMdfQLQwJvJEKEHW6gWW1bfk=
  dependencies:
    once "^1.3.0"
    wrappy "1"

inherits@2:
  version "2.0.4"
  resolved "https://registry.yarnpkg.com/inherits/-/inherits-2.0.4.tgz#0fa2c64f932917c3433a0ded55363aae37416b7c"
  integrity sha512-k/vGaX4/Yla3WzyMCvTQOXYeIHvqOKtnqBduzTHpzpQZzAskKMhZ2K+EnBiSM9zGSoIFeMpXKxa4dYeZIQqewQ==

inherits@2.0.3:
  version "2.0.3"
  resolved "https://registry.yarnpkg.com/inherits/-/inherits-2.0.3.tgz#633c2c83e3da42a502f52466022480f4208261de"
  integrity sha1-Yzwsg+PaQqUC9SRmAiSA9CCCYd4=

interpret@^1.0.0:
  version "1.2.0"
  resolved "https://registry.yarnpkg.com/interpret/-/interpret-1.2.0.tgz#d5061a6224be58e8083985f5014d844359576296"
  integrity sha512-mT34yGKMNceBQUoVn7iCDKDntA7SC6gycMAWzGx1z/CMCTV7b2AAtXlo3nRyHZ1FelRkQbQjprHSYGwzLtkVbw==

ipress@^1.3.0:
  version "1.3.0"
  resolved "https://registry.yarnpkg.com/ipress/-/ipress-1.3.0.tgz#800b307ba3a6f0531cb1e1dfc7a11440db3961c6"
  integrity sha512-mZeVAVXIX8vd2py5K9r/VNtrho2/XV7gHOkSwezaNgYa5vOaGBepvf/DA5S3RnKxQsecJN2tOF43LLw+M+FFEg==
  dependencies:
    ejs "^2.6.1"
    front-matter "^3.0.2"
    marked "^0.7.0"

is-error@^2.0.0:
  version "2.2.2"
  resolved "https://registry.yarnpkg.com/is-error/-/is-error-2.2.2.tgz#c10ade187b3c93510c5470a5567833ee25649843"
  integrity sha512-IOQqts/aHWbiisY5DuPJQ0gcbvaLFCa7fBa9xoLfxBZvQ+ZI/Zh9xoI7Gk+G64N0FdK4AbibytHht2tWgpJWLg==

is-function@^1.0.1:
  version "1.0.1"
  resolved "https://registry.yarnpkg.com/is-function/-/is-function-1.0.1.tgz#12cfb98b65b57dd3d193a3121f5f6e2f437602b5"
  integrity sha1-Es+5i2W1fdPRk6MSH19uL0N2ArU=

isarray@0.0.1:
  version "0.0.1"
  resolved "https://registry.yarnpkg.com/isarray/-/isarray-0.0.1.tgz#8a18acfca9a8f4177e09abfc6038939b05d1eedf"
  integrity sha1-ihis/Kmo9Bd+Cav8YDiTmwXR7t8=

istyle@^1.0.3:
  version "1.0.3"
  resolved "https://registry.yarnpkg.com/istyle/-/istyle-1.0.3.tgz#8c56298e1eaecf8f4cd6f112442f4f89011b8f76"
  integrity sha512-EIPpZsoYnewyegsHlJmudSCeNI+kRx3/pzsiJexSl11d1PsdnnPmhimcFKdJPiL/E3S+yu64E7jo+e2t/1zFQw==

iterators@~0.1.0:
  version "0.1.0"
  resolved "https://registry.yarnpkg.com/iterators/-/iterators-0.1.0.tgz#d03f666ca4e6130138565997cacea54164203156"
  integrity sha1-0D9mbKTmEwE4VlmXys6lQWQgMVY=
  dependencies:
    ap "~0.1.0"

js-yaml@^3.13.1:
  version "3.13.1"
  resolved "https://registry.yarnpkg.com/js-yaml/-/js-yaml-3.13.1.tgz#aff151b30bfdfa8e49e05da22e7415e9dfa37847"
  integrity sha512-YfbcO7jXDdyj0DGxYVSlSeQNHbD7XPWvrVWeVUujrQEoZzWJIRrCPoyk6kL6IAjAG2IolMK4T0hNUe0HOUs5Jw==
  dependencies:
    argparse "^1.0.7"
    esprima "^4.0.0"

json-stringify-safe@^5.0.0:
  version "5.0.1"
  resolved "https://registry.yarnpkg.com/json-stringify-safe/-/json-stringify-safe-5.0.1.tgz#1296a2d58fd45f19a0f6ce01d65701e2c735b6eb"
  integrity sha1-Epai1Y/UXxmg9s4B1lcB4sc1tus=

marked@^0.3.6:
  version "0.3.19"
  resolved "https://registry.yarnpkg.com/marked/-/marked-0.3.19.tgz#5d47f709c4c9fc3c216b6d46127280f40b39d790"
  integrity sha512-ea2eGWOqNxPcXv8dyERdSr/6FmzvWwzjMxpfGB/sbMccXoct+xY+YukPD+QTUZwyvK7BZwcr4m21WBOW41pAkg==

marked@^0.7.0:
  version "0.7.0"
  resolved "https://registry.yarnpkg.com/marked/-/marked-0.7.0.tgz#b64201f051d271b1edc10a04d1ae9b74bb8e5c0e"
  integrity sha512-c+yYdCZJQrsRjTPhUx7VKkApw9bwDkNbHUKo1ovgcfDjb2kc8rLuRbIFyXL5WOEUwzSSKo3IXpph2K6DqB/KZg==

mime@1.4.1:
  version "1.4.1"
  resolved "https://registry.yarnpkg.com/mime/-/mime-1.4.1.tgz#121f9ebc49e3766f311a76e1fa1c8003c4b03aa6"
  integrity sha512-KI1+qOZu5DcW6wayYHSzR/tXKCDC5Om4s1z2QJjDULzLcmf3DvzS7oluY4HCTrc+9FiKmWUgeNLg7W3uIQvxtQ==

"mime@>= 1.2.6":
  version "2.4.4"
  resolved "https://registry.yarnpkg.com/mime/-/mime-2.4.4.tgz#bd7b91135fc6b01cde3e9bae33d659b63d8857e5"
  integrity sha512-LRxmNwziLPT828z+4YkNzloCFC2YM4wrB99k+AV5ZbEyfGNWfG8SO1FUXLmLDBSo89NrJZ4DIWeLjy1CHGhMGA==

mime@^1.2.11:
  version "1.6.0"
  resolved "https://registry.yarnpkg.com/mime/-/mime-1.6.0.tgz#32cd9e5c64553bd58d19a568af452acff04981b1"
  integrity sha512-x0Vn8spI+wuJ1O6S7gnbaQg8Pxh4NNHb7KSINmEWKiPE4RKOplvijn+NkmYmmRgP68mc70j2EbeTFRsrswaQeg==

min-document@^2.19.0:
  version "2.19.0"
  resolved "https://registry.yarnpkg.com/min-document/-/min-document-2.19.0.tgz#7bd282e3f5842ed295bb748cdd9f1ffa2c824685"
  integrity sha1-e9KC4/WELtKVu3SM3Z8f+iyCRoU=
  dependencies:
    dom-walk "^0.1.0"

minimatch@^3.0.4:
  version "3.0.4"
  resolved "https://registry.yarnpkg.com/minimatch/-/minimatch-3.0.4.tgz#5166e286457f03306064be5497e8dbb0c3d32083"
  integrity sha512-yJHVQEhyqPLUTgt9B83PXu6W3rx4MvvHvSUvToogpwoGDOUQ+yDrR0HRot+yOCdCO7u4hX3pWft6kWBBcqh0UA==
  dependencies:
    brace-expansion "^1.1.7"

minimist@^1.1.0, minimist@^1.2.0:
  version "1.2.0"
  resolved "https://registry.yarnpkg.com/minimist/-/minimist-1.2.0.tgz#a35008b20f41383eec1fb914f4cd5df79a264284"
  integrity sha1-o1AIsg9BOD7sH7kU9M1d95omQoQ=

morphdom@^2.2.0:
  version "2.5.12"
  resolved "https://registry.yarnpkg.com/morphdom/-/morphdom-2.5.12.tgz#92394bcb8884e94fde097f6ab3e76cf94cd3291f"
  integrity sha512-KAAMs5yBv5of2HJv1vKfOdpdSXrptFEmS7RdWQDvz8jPQawNu7lVFERUvwePSPVdhigFp3XOsUc1anpPARbSOA==

ms@2.0.0:
  version "2.0.0"
  resolved "https://registry.yarnpkg.com/ms/-/ms-2.0.0.tgz#5608aeadfc00be6c2901df5f9861788de0d597c8"
  integrity sha1-VgiurfwAvmwpAd9fmGF4jeDVl8g=

on-finished@~2.3.0:
  version "2.3.0"
  resolved "https://registry.yarnpkg.com/on-finished/-/on-finished-2.3.0.tgz#20f1336481b083cd75337992a16971aa2d906947"
  integrity sha1-IPEzZIGwg811M3mSoWlxqi2QaUc=
  dependencies:
    ee-first "1.1.1"

once@^1.3.0:
  version "1.4.0"
  resolved "https://registry.yarnpkg.com/once/-/once-1.4.0.tgz#583b1aa775961d4b113ac17d9c50baef9dd76bd1"
  integrity sha1-WDsap3WWHUsROsF9nFC6753Xa9E=
  dependencies:
    wrappy "1"

page@^1.7.1:
  version "1.11.5"
  resolved "https://registry.yarnpkg.com/page/-/page-1.11.5.tgz#0cfc8608be337f26f4377f31df0787aef0ca1af7"
  integrity sha512-0JXUHc7Y8p1cPJQbhZSwaKO3p+bU3Rgny+OM5gJMKHWHvJKan/fsE5RUzEjRQolv9DzPOSVWfSOHz0lLxK19eA==
  dependencies:
    path-to-regexp "~1.2.1"

parse-headers@^2.0.0:
  version "2.0.3"
  resolved "https://registry.yarnpkg.com/parse-headers/-/parse-headers-2.0.3.tgz#5e8e7512383d140ba02f0c7aa9f49b4399c92515"
  integrity sha512-QhhZ+DCCit2Coi2vmAKbq5RGTRcQUOE2+REgv8vdyu7MnYx2eZztegqtTx99TZ86GTIwqiy3+4nQTWZ2tgmdCA==

parseurl@^1.3.3:
  version "1.3.3"
  resolved "https://registry.yarnpkg.com/parseurl/-/parseurl-1.3.3.tgz#9da19e7bee8d12dff0513ed5b76957793bc2e8d4"
  integrity sha512-CiyeOxFT/JZyN5m0z9PfXw4SCBJ6Sygz1Dpl0wqjlhDEGGBP1GnsUVEL0p63hoG1fcj3fHynXi9NYO4nWOL+qQ==

path-is-absolute@^1.0.0:
  version "1.0.1"
  resolved "https://registry.yarnpkg.com/path-is-absolute/-/path-is-absolute-1.0.1.tgz#174b9268735534ffbc7ace6bf53a5a9e1b5c5f5f"
  integrity sha1-F0uSaHNVNP+8es5r9TpanhtcX18=

path-parse@^1.0.6:
  version "1.0.6"
  resolved "https://registry.yarnpkg.com/path-parse/-/path-parse-1.0.6.tgz#d62dbb5679405d72c4737ec58600e9ddcf06d24c"
  integrity sha512-GSmOT2EbHrINBf9SR7CDELwlJ8AENk3Qn7OikK4nFYAu3Ote2+JYNVvkpAEQm3/TLNEJFD/xZJjzyxg3KBWOzw==

path-to-regexp@~1.2.1:
  version "1.2.1"
  resolved "https://registry.yarnpkg.com/path-to-regexp/-/path-to-regexp-1.2.1.tgz#b33705c140234d873c8721c7b9fd8b541ed3aff9"
  integrity sha1-szcFwUAjTYc8hyHHuf2LVB7Tr/k=
  dependencies:
    isarray "0.0.1"

process@~0.5.1:
  version "0.5.2"
  resolved "https://registry.yarnpkg.com/process/-/process-0.5.2.tgz#1638d8a8e34c2f440a91db95ab9aeb677fc185cf"
  integrity sha1-FjjYqONML0QKkduVq5rrZ3/Bhc8=

ramda@^0.22.1:
  version "0.22.1"
  resolved "https://registry.yarnpkg.com/ramda/-/ramda-0.22.1.tgz#031da0c3df417c5b33c96234757eb37033f36a0e"
  integrity sha1-Ax2gw99BfFszyWI0dX6zcDPzag4=

range-parser@~1.2.0:
  version "1.2.1"
  resolved "https://registry.yarnpkg.com/range-parser/-/range-parser-1.2.1.tgz#3cf37023d199e1c24d1a55b84800c2f3e6468031"
  integrity sha512-Hrgsx+orqoygnmhFbKaHE6c296J+HTAQXoxEF6gNupROmmGJRoyzfG3ccAveqCBrwr/2yxQ5BVd/GTl5agOwSg==

rechoir@^0.6.2:
  version "0.6.2"
  resolved "https://registry.yarnpkg.com/rechoir/-/rechoir-0.6.2.tgz#85204b54dba82d5742e28c96756ef43af50e3384"
  integrity sha1-hSBLVNuoLVdC4oyWdW70OvUOM4Q=
  dependencies:
    resolve "^1.1.6"

resolve@^1.1.6:
  version "1.15.1"
  resolved "https://registry.yarnpkg.com/resolve/-/resolve-1.15.1.tgz#27bdcdeffeaf2d6244b95bb0f9f4b4653451f3e8"
  integrity sha512-84oo6ZTtoTUpjgNEr5SJyzQhzL72gaRodsSfyxC/AXRvwu0Yse9H8eF9IpGo7b8YetZhlI6v7ZQ6bKBFV/6S7w==
  dependencies:
    path-parse "^1.0.6"

send-data@^8.0.0:
  version "8.0.0"
  resolved "https://registry.yarnpkg.com/send-data/-/send-data-8.0.0.tgz#8398ecc1fba49534757a8c17a48fa583caaaaeec"
  integrity sha1-g5jswfuklTR1eowXpI+lg8qqruw=
  dependencies:
    json-stringify-safe "^5.0.0"
    xtend "^4.0.0"

send@^0.16.2:
  version "0.16.2"
  resolved "https://registry.yarnpkg.com/send/-/send-0.16.2.tgz#6ecca1e0f8c156d141597559848df64730a6bbc1"
  integrity sha512-E64YFPUssFHEFBvpbbjr44NCLtI1AohxQ8ZSiJjQLskAdKuriYEP6VyGEsRDH8ScozGpkaX1BGvhanqCwkcEZw==
  dependencies:
    debug "2.6.9"
    depd "~1.1.2"
    destroy "~1.0.4"
    encodeurl "~1.0.2"
    escape-html "~1.0.3"
    etag "~1.8.1"
    fresh "0.5.2"
    http-errors "~1.6.2"
    mime "1.4.1"
    ms "2.0.0"
    on-finished "~2.3.0"
    range-parser "~1.2.0"
    statuses "~1.4.0"

server-summary@^6.0.1:
  version "6.1.0"
  resolved "https://registry.yarnpkg.com/server-summary/-/server-summary-6.1.0.tgz#0d27e0673ec644d3357d5209f2770d8d69ddb028"
  integrity sha1-DSfgZz7GRNM1fVIJ8ncNjWndsCg=

setprototypeof@1.1.0:
  version "1.1.0"
  resolved "https://registry.yarnpkg.com/setprototypeof/-/setprototypeof-1.1.0.tgz#d0bd85536887b6fe7c0d818cb962d9d91c54e656"
  integrity sha512-BvE/TwpZX4FXExxOxZyRGQQv651MSwmWKZGqvmPcRIjDqWub67kTKuIMx43cZZrS/cBBzwBcNDWoFxt2XEFIpQ==

shelljs@^0.8.3:
  version "0.8.3"
  resolved "https://registry.yarnpkg.com/shelljs/-/shelljs-0.8.3.tgz#a7f3319520ebf09ee81275b2368adb286659b097"
  integrity sha512-fc0BKlAWiLpwZljmOvAOTE/gXawtCoNrP5oaY7KIaQbbyHeQVg01pSEuEGvGh3HEdBU4baCD7wQBwADmM/7f7A==
  dependencies:
    glob "^7.0.0"
    interpret "^1.0.0"
    rechoir "^0.6.2"

sprintf-js@~1.0.2:
  version "1.0.3"
  resolved "https://registry.yarnpkg.com/sprintf-js/-/sprintf-js-1.0.3.tgz#04e6926f662895354f3dd015203633b857297e2c"
  integrity sha1-BOaSb2YolTVPPdAVIDYzuFcpfiw=

"statuses@>= 1.4.0 < 2":
  version "1.5.0"
  resolved "https://registry.yarnpkg.com/statuses/-/statuses-1.5.0.tgz#161c7dac177659fd9811f43771fa99381478628c"
  integrity sha1-Fhx9rBd2Wf2YEfQ3cfqZOBR4Yow=

statuses@~1.4.0:
  version "1.4.0"
  resolved "https://registry.yarnpkg.com/statuses/-/statuses-1.4.0.tgz#bb73d446da2796106efcc1b601a253d6c46bd087"
  integrity sha512-zhSCtt8v2NDrRlPQpCNtw/heZLtfUDqxBM1udqikb/Hbk52LK4nQSwr10u77iopCW5LsyHpuXS0GnEc48mLeew==

string-template@~0.2.0:
  version "0.2.1"
  resolved "https://registry.yarnpkg.com/string-template/-/string-template-0.2.1.tgz#42932e598a352d01fc22ec3367d9d84eec6c9add"
  integrity sha1-QpMuWYo1LQH8IuwzZ9nYTuxsmt0=

url-join@^1.0.0:
  version "1.1.0"
  resolved "https://registry.yarnpkg.com/url-join/-/url-join-1.1.0.tgz#741c6c2f4596c4830d6718460920d0c92202dc78"
  integrity sha1-dBxsL0WWxIMNZxhGCSDQySIC3Hg=

w3@^2.0.1:
  version "2.0.1"
  resolved "https://registry.yarnpkg.com/w3/-/w3-2.0.1.tgz#e1dc3fd2d4f460637d37ea528893d9fb9dca2aa7"
  integrity sha512-Ivux5X5U87lX2+GnCmXm3MvUnOidvcUsOGU78xuxsz9bFglR1G6tYXryCrmZTm4KdXifXJLc/WX9RbBfrcvDTA==
  dependencies:
    minimist "^1.2.0"
    parseurl "^1.3.3"
    send "^0.16.2"

wrappy@1:
  version "1.0.2"
  resolved "https://registry.yarnpkg.com/wrappy/-/wrappy-1.0.2.tgz#b5243d8f3ec1aa35f1364605bc0d1036e30ab69f"
  integrity sha1-tSQ9jz7BqjXxNkYFvA0QNuMKtp8=

xhr@^2.2.2:
  version "2.5.0"
  resolved "https://registry.yarnpkg.com/xhr/-/xhr-2.5.0.tgz#bed8d1676d5ca36108667692b74b316c496e49dd"
  integrity sha512-4nlO/14t3BNUZRXIXfXe+3N6w3s1KoxcJUUURctd64BLRe67E4gRwp4PjywtDY72fXpZ1y6Ch0VZQRY/gMPzzQ==
  dependencies:
    global "~4.3.0"
    is-function "^1.0.1"
    parse-headers "^2.0.0"
    xtend "^4.0.0"

xtend@^4.0.0, xtend@~4.0.0:
  version "4.0.2"
  resolved "https://registry.yarnpkg.com/xtend/-/xtend-4.0.2.tgz#bb72779f5fa465186b1f438f674fa347fdb5db54"
  integrity sha512-LKYU1iAXJXUgAXn9URjiu+MWhyUXHsvfp7mcuYm9dSUKK0/CjtrUwFAxD82/mCWbtLsGjFIad0wIsod4zrTAEQ==
